
Microsoft Visual Studio Solution File, Format Version 12.00
# Visual Studio 15
VisualStudioVersion = 15.0.28010.2041
MinimumVisualStudioVersion = 10.0.40219.1
Project("{9A19103F-16F7-4668-BE54-9A1E7A4F7556}") = "Serilog.Sinks.AzureQueueStorage", "Serilog.Sinks.AzureQueueStorage\Serilog.Sinks.AzureQueueStorage.csproj", "{B3343071-C757-4BD3-B789-54794A833212}"
EndProject
Global
	GlobalSection(SolutionConfigurationPlatforms) = preSolution
		Debug|Any CPU = Debug|Any CPU
		Release|Any CPU = Release|Any CPU
	EndGlobalSection
	GlobalSection(ProjectConfigurationPlatforms) = postSolution
		{B3343071-C757-4BD3-B789-54794A833212}.Debug|Any CPU.ActiveCfg = Debug|Any CPU
		{B3343071-C757-4BD3-B789-54794A833212}.Debug|Any CPU.Build.0 = Debug|Any CPU
		{B3343071-C757-4BD3-B789-54794A833212}.Release|Any CPU.ActiveCfg = Release|Any CPU
		{B3343071-C757-4BD3-B789-54794A833212}.Release|Any CPU.Build.0 = Release|Any CPU
	EndGlobalSection
	GlobalSection(SolutionProperties) = preSolution
		HideSolutionNode = FALSE
	EndGlobalSection
	GlobalSection(ExtensibilityGlobals) = postSolution
		SolutionGuid = {E4C73792-90BE-45C9-8DDB-168142A9AD7A}
	EndGlobalSection
	GlobalSection(TeamFoundationVersionControl) = preSolution
		SccNumberOfProjects = 2
		SccEnterpriseProvider = {4CA58AB2-18FA-4F8D-95D4-32DDF27D184C}
		SccTeamFoundationServer = https://dev.azure.com/sector7g
		SccLocalPath0 = .
		SccProjectUniqueName1 = Serilog.Sinks.AzureQueueStorage\\Serilog.Sinks.AzureQueueStorage.csproj
		SccProjectName1 = Serilog.Sinks.AzureQueueStorage
		SccLocalPath1 = Serilog.Sinks.AzureQueueStorage
	EndGlobalSection
EndGlobal
